
Microsoft Visual Studio Solution File, Format Version 12.00
# Visual Studio Version 17
VisualStudioVersion = 17.14.36414.22
MinimumVisualStudioVersion = 10.0.40219.1
Project("{2150E333-8FDC-42A3-9474-1A3956D46DE8}") = "Solution Items", "Solution Items", "{8EC462FD-D22E-90A8-E5CE-7E832BA40C5D}"
	ProjectSection(SolutionItems) = preProject
		Directory.Build.props = Directory.Build.props
	EndProjectSection
EndProject
Project("{2150E333-8FDC-42A3-9474-1A3956D46DE8}") = "src", "src", "{02EA681E-C7D8-13C7-8484-4AC65E1B71E8}"
EndProject
Project("{2150E333-8FDC-42A3-9474-1A3956D46DE8}") = "API", "API", "{8EADDBAB-801F-4D80-BCF2-1D8801BC9D31}"
EndProject
Project("{2150E333-8FDC-42A3-9474-1A3956D46DE8}") = "Modules", "Modules", "{930D32ED-C5B1-47E2-80A3-E3BF6D29F451}"
EndProject
Project("{2150E333-8FDC-42A3-9474-1A3956D46DE8}") = "Events", "Events", "{2ABE7C9A-2920-4F67-89E2-69C22BD0462B}"
EndProject
Project("{FAE04EC0-301F-11D3-BF4B-00C04F79EFBC}") = "Evently.Api", "src\API\Evently.Api\Evently.Api.csproj", "{531F1C47-29E9-4CDB-85FA-64E6CF1F5C5B}"
EndProject
Project("{E53339B2-1760-4266-BCC7-CA923CBCF16C}") = "docker-compose", "docker-compose.dcproj", "{81DDED9D-158B-E303-5F62-77A2896D2A5A}"
EndProject
Project("{FAE04EC0-301F-11D3-BF4B-00C04F79EFBC}") = "Evently.Modules.Events.Domain", "src\Modules\Events\Evently.Modules.Events.Domain\Evently.Modules.Events.Domain.csproj", "{FB24E873-9E79-4F41-ABCF-2261C2F994D9}"
EndProject
Project("{FAE04EC0-301F-11D3-BF4B-00C04F79EFBC}") = "Evently.Modules.Events.Application", "src\Modules\Events\Evently.Modules.Events.Application\Evently.Modules.Events.Application.csproj", "{B555990D-D473-4F5A-A842-C3B9B976F45E}"
EndProject
Project("{FAE04EC0-301F-11D3-BF4B-00C04F79EFBC}") = "Evently.Modules.Events.Infrastructure", "src\Modules\Events\Evently.Modules.Events.Infrastructure\Evently.Modules.Events.Infrastructure.csproj", "{1445EDB7-25EB-4400-9767-A0A92754F661}"
EndProject
Project("{FAE04EC0-301F-11D3-BF4B-00C04F79EFBC}") = "Evently.Modules.Events.Presentation", "src\Modules\Events\Evently.Modules.Events.Presentation\Evently.Modules.Events.Presentation.csproj", "{595AE124-0D29-4292-9479-EF2D5EF6112D}"
EndProject
Project("{2150E333-8FDC-42A3-9474-1A3956D46DE8}") = "Common", "Common", "{F36767A3-65A3-4366-8BA3-249350307272}"
EndProject
Project("{FAE04EC0-301F-11D3-BF4B-00C04F79EFBC}") = "Evently.Common.Application", "src\Common\Evently.Common.Application\Evently.Common.Application.csproj", "{3141F1B7-3E16-4841-9E83-676D4B5B08D7}"
EndProject
Project("{FAE04EC0-301F-11D3-BF4B-00C04F79EFBC}") = "Evently.Common.Domain", "src\Common\Evently.Common.Domain\Evently.Common.Domain.csproj", "{D0B6A7EB-81F3-4DC4-9E88-ACC6DC43A93C}"
EndProject
Project("{FAE04EC0-301F-11D3-BF4B-00C04F79EFBC}") = "Evently.Common.Infrastructure", "src\Common\Evently.Common.Infrastructure\Evently.Common.Infrastructure.csproj", "{A6658682-F6AB-4DC6-999C-3D7380F1FBFB}"
EndProject
Project("{FAE04EC0-301F-11D3-BF4B-00C04F79EFBC}") = "Evently.Common.Presentation", "src\Common\Evently.Common.Presentation\Evently.Common.Presentation.csproj", "{68BC2481-5FA9-44CC-A830-91C9D19FCF8F}"
EndProject
Project("{2150E333-8FDC-42A3-9474-1A3956D46DE8}") = "Users", "Users", "{2D940452-06FD-45BD-A28B-46072847FCE7}"
EndProject
Project("{FAE04EC0-301F-11D3-BF4B-00C04F79EFBC}") = "Evently.Modules.Users.Application", "src\Modules\Users\Evently.Modules.Users.Application\Evently.Modules.Users.Application.csproj", "{D3C70B80-C3D4-42F0-A968-DE6BCA9F77E5}"
EndProject
Project("{FAE04EC0-301F-11D3-BF4B-00C04F79EFBC}") = "Evently.Modules.Users.Domain", "src\Modules\Users\Evently.Modules.Users.Domain\Evently.Modules.Users.Domain.csproj", "{C9F180D0-FE79-472E-BC01-D477766662CE}"
EndProject
Project("{FAE04EC0-301F-11D3-BF4B-00C04F79EFBC}") = "Evently.Modules.Users.Infrastructure", "src\Modules\Users\Evently.Modules.Users.Infrastructure\Evently.Modules.Users.Infrastructure.csproj", "{CBE8A7BE-C6E7-479D-A48E-CF413D96353C}"
EndProject
Project("{FAE04EC0-301F-11D3-BF4B-00C04F79EFBC}") = "Evently.Modules.Users.Presentation", "src\Modules\Users\Evently.Modules.Users.Presentation\Evently.Modules.Users.Presentation.csproj", "{BDCA8B3B-1AA1-4F7E-BB35-F3CA56E6515D}"
EndProject
Project("{2150E333-8FDC-42A3-9474-1A3956D46DE8}") = "Ticketing", "Ticketing", "{E79463D7-C9EC-41DB-9B0E-902DAF3E5EA2}"
EndProject
Project("{FAE04EC0-301F-11D3-BF4B-00C04F79EFBC}") = "Evently.Modules.Ticketing.Application", "src\Modules\Ticketing\Evently.Modules.Ticketing.Application\Evently.Modules.Ticketing.Application.csproj", "{A30E5961-BFED-4AEE-A69A-12DB6677E3A5}"
EndProject
Project("{FAE04EC0-301F-11D3-BF4B-00C04F79EFBC}") = "Evently.Modules.Ticketing.Domain", "src\Modules\Ticketing\Evently.Modules.Ticketing.Domain\Evently.Modules.Ticketing.Domain.csproj", "{DF065265-67D0-421D-83E7-3AB72DACFE36}"
EndProject
Project("{FAE04EC0-301F-11D3-BF4B-00C04F79EFBC}") = "Evently.Modules.Ticketing.Infrastructure", "src\Modules\Ticketing\Evently.Modules.Ticketing.Infrastructure\Evently.Modules.Ticketing.Infrastructure.csproj", "{AF0279C9-5493-469D-AAC3-A925554F9EC1}"
EndProject
Project("{FAE04EC0-301F-11D3-BF4B-00C04F79EFBC}") = "Evently.Modules.Ticketing.Presentation", "src\Modules\Ticketing\Evently.Modules.Ticketing.Presentation\Evently.Modules.Ticketing.Presentation.csproj", "{8554CC18-EBD9-42D5-8525-3BA723FE8A9C}"
EndProject
Project("{FAE04EC0-301F-11D3-BF4B-00C04F79EFBC}") = "Evently.Modules.Users.IntegrationEvents", "src\Modules\Users\Evently.Modules.Users.IntegrationEvents\Evently.Modules.Users.IntegrationEvents.csproj", "{5F53502D-2CED-4BDB-A452-B178840AD78B}"
EndProject
Project("{2150E333-8FDC-42A3-9474-1A3956D46DE8}") = "Attendance", "Attendance", "{A94C1103-9D81-4879-82A7-05B169F2C681}"
EndProject
Project("{FAE04EC0-301F-11D3-BF4B-00C04F79EFBC}") = "Evently.Modules.Attendance.Application", "src\Modules\Attendance\Evently.Modules.Attendance.Application\Evently.Modules.Attendance.Application.csproj", "{037F029C-5A7B-4821-9F14-4B7FA5FE7357}"
EndProject
Project("{FAE04EC0-301F-11D3-BF4B-00C04F79EFBC}") = "Evently.Modules.Attendance.Domain", "src\Modules\Attendance\Evently.Modules.Attendance.Domain\Evently.Modules.Attendance.Domain.csproj", "{D05FD112-8222-4965-99EC-850981AD1FDE}"
EndProject
Project("{FAE04EC0-301F-11D3-BF4B-00C04F79EFBC}") = "Evently.Modules.Attendance.Infrastructure", "src\Modules\Attendance\Evently.Modules.Attendance.Infrastructure\Evently.Modules.Attendance.Infrastructure.csproj", "{14A7000E-5232-4B58-A53E-67B2540D48E5}"
EndProject
Project("{FAE04EC0-301F-11D3-BF4B-00C04F79EFBC}") = "Evently.Modules.Attendance.IntegrationEvents", "src\Modules\Attendance\Evently.Modules.Attendance.IntegrationEvents\Evently.Modules.Attendance.IntegrationEvents.csproj", "{27E936C5-8BC5-452D-8305-B2D16B875469}"
EndProject
Project("{FAE04EC0-301F-11D3-BF4B-00C04F79EFBC}") = "Evently.Modules.Attendance.Presentation", "src\Modules\Attendance\Evently.Modules.Attendance.Presentation\Evently.Modules.Attendance.Presentation.csproj", "{A32152F4-ECB1-4D8A-B688-D499E677A7A6}"
EndProject
Project("{FAE04EC0-301F-11D3-BF4B-00C04F79EFBC}") = "Evently.Modules.Events.IntegrationEvents", "src\Modules\Events\Evently.Modules.Events.IntegrationEvents\Evently.Modules.Events.IntegrationEvents.csproj", "{5D94EE3E-C8F3-4060-B4B1-0147D0D789D0}"
EndProject
Project("{FAE04EC0-301F-11D3-BF4B-00C04F79EFBC}") = "Evently.Modules.Ticketing.IntegrationEvents", "src\Modules\Ticketing\Evently.Modules.Ticketing.IntegrationEvents\Evently.Modules.Ticketing.IntegrationEvents.csproj", "{56CAA2C5-11D4-41E8-B34F-0A5584F719BF}"
EndProject
Project("{2150E333-8FDC-42A3-9474-1A3956D46DE8}") = "test", "test", "{5C55B20C-B35C-499A-B91F-3829D14FDED9}"
EndProject
Project("{FAE04EC0-301F-11D3-BF4B-00C04F79EFBC}") = "Evently.ArchitectureTests", "test\Evently.ArchitectureTests\Evently.ArchitectureTests.csproj", "{47238266-8351-4BCE-A608-865D76976FEB}"
EndProject
Project("{2150E333-8FDC-42A3-9474-1A3956D46DE8}") = "test", "test", "{479121C0-7321-4B8A-9CC4-26E5EE89C379}"
EndProject
Project("{FAE04EC0-301F-11D3-BF4B-00C04F79EFBC}") = "Evently.Modules.Users.ArchitectureTests", "src\Modules\Users\test\Evently.Modules.Users.ArchitectureTests\Evently.Modules.Users.ArchitectureTests.csproj", "{78F5A2A4-853B-48FF-9C08-C6D0361C9A33}"
EndProject
Global
	GlobalSection(SolutionConfigurationPlatforms) = preSolution
		Debug|Any CPU = Debug|Any CPU
		Release|Any CPU = Release|Any CPU
	EndGlobalSection
	GlobalSection(ProjectConfigurationPlatforms) = postSolution
		{531F1C47-29E9-4CDB-85FA-64E6CF1F5C5B}.Debug|Any CPU.ActiveCfg = Debug|Any CPU
		{531F1C47-29E9-4CDB-85FA-64E6CF1F5C5B}.Debug|Any CPU.Build.0 = Debug|Any CPU
		{531F1C47-29E9-4CDB-85FA-64E6CF1F5C5B}.Release|Any CPU.ActiveCfg = Release|Any CPU
		{531F1C47-29E9-4CDB-85FA-64E6CF1F5C5B}.Release|Any CPU.Build.0 = Release|Any CPU
		{81DDED9D-158B-E303-5F62-77A2896D2A5A}.Debug|Any CPU.ActiveCfg = Debug|Any CPU
		{81DDED9D-158B-E303-5F62-77A2896D2A5A}.Debug|Any CPU.Build.0 = Debug|Any CPU
		{81DDED9D-158B-E303-5F62-77A2896D2A5A}.Release|Any CPU.ActiveCfg = Release|Any CPU
		{81DDED9D-158B-E303-5F62-77A2896D2A5A}.Release|Any CPU.Build.0 = Release|Any CPU
		{FB24E873-9E79-4F41-ABCF-2261C2F994D9}.Debug|Any CPU.ActiveCfg = Debug|Any CPU
		{FB24E873-9E79-4F41-ABCF-2261C2F994D9}.Debug|Any CPU.Build.0 = Debug|Any CPU
		{FB24E873-9E79-4F41-ABCF-2261C2F994D9}.Release|Any CPU.ActiveCfg = Release|Any CPU
		{FB24E873-9E79-4F41-ABCF-2261C2F994D9}.Release|Any CPU.Build.0 = Release|Any CPU
		{B555990D-D473-4F5A-A842-C3B9B976F45E}.Debug|Any CPU.ActiveCfg = Debug|Any CPU
		{B555990D-D473-4F5A-A842-C3B9B976F45E}.Debug|Any CPU.Build.0 = Debug|Any CPU
		{B555990D-D473-4F5A-A842-C3B9B976F45E}.Release|Any CPU.ActiveCfg = Release|Any CPU
		{B555990D-D473-4F5A-A842-C3B9B976F45E}.Release|Any CPU.Build.0 = Release|Any CPU
		{1445EDB7-25EB-4400-9767-A0A92754F661}.Debug|Any CPU.ActiveCfg = Debug|Any CPU
		{1445EDB7-25EB-4400-9767-A0A92754F661}.Debug|Any CPU.Build.0 = Debug|Any CPU
		{1445EDB7-25EB-4400-9767-A0A92754F661}.Release|Any CPU.ActiveCfg = Release|Any CPU
		{1445EDB7-25EB-4400-9767-A0A92754F661}.Release|Any CPU.Build.0 = Release|Any CPU
		{595AE124-0D29-4292-9479-EF2D5EF6112D}.Debug|Any CPU.ActiveCfg = Debug|Any CPU
		{595AE124-0D29-4292-9479-EF2D5EF6112D}.Debug|Any CPU.Build.0 = Debug|Any CPU
		{595AE124-0D29-4292-9479-EF2D5EF6112D}.Release|Any CPU.ActiveCfg = Release|Any CPU
		{595AE124-0D29-4292-9479-EF2D5EF6112D}.Release|Any CPU.Build.0 = Release|Any CPU
		{3141F1B7-3E16-4841-9E83-676D4B5B08D7}.Debug|Any CPU.ActiveCfg = Debug|Any CPU
		{3141F1B7-3E16-4841-9E83-676D4B5B08D7}.Debug|Any CPU.Build.0 = Debug|Any CPU
		{3141F1B7-3E16-4841-9E83-676D4B5B08D7}.Release|Any CPU.ActiveCfg = Release|Any CPU
		{3141F1B7-3E16-4841-9E83-676D4B5B08D7}.Release|Any CPU.Build.0 = Release|Any CPU
		{D0B6A7EB-81F3-4DC4-9E88-ACC6DC43A93C}.Debug|Any CPU.ActiveCfg = Debug|Any CPU
		{D0B6A7EB-81F3-4DC4-9E88-ACC6DC43A93C}.Debug|Any CPU.Build.0 = Debug|Any CPU
		{D0B6A7EB-81F3-4DC4-9E88-ACC6DC43A93C}.Release|Any CPU.ActiveCfg = Release|Any CPU
		{D0B6A7EB-81F3-4DC4-9E88-ACC6DC43A93C}.Release|Any CPU.Build.0 = Release|Any CPU
		{A6658682-F6AB-4DC6-999C-3D7380F1FBFB}.Debug|Any CPU.ActiveCfg = Debug|Any CPU
		{A6658682-F6AB-4DC6-999C-3D7380F1FBFB}.Debug|Any CPU.Build.0 = Debug|Any CPU
		{A6658682-F6AB-4DC6-999C-3D7380F1FBFB}.Release|Any CPU.ActiveCfg = Release|Any CPU
		{A6658682-F6AB-4DC6-999C-3D7380F1FBFB}.Release|Any CPU.Build.0 = Release|Any CPU
		{68BC2481-5FA9-44CC-A830-91C9D19FCF8F}.Debug|Any CPU.ActiveCfg = Debug|Any CPU
		{68BC2481-5FA9-44CC-A830-91C9D19FCF8F}.Debug|Any CPU.Build.0 = Debug|Any CPU
		{68BC2481-5FA9-44CC-A830-91C9D19FCF8F}.Release|Any CPU.ActiveCfg = Release|Any CPU
		{68BC2481-5FA9-44CC-A830-91C9D19FCF8F}.Release|Any CPU.Build.0 = Release|Any CPU
		{D3C70B80-C3D4-42F0-A968-DE6BCA9F77E5}.Debug|Any CPU.ActiveCfg = Debug|Any CPU
		{D3C70B80-C3D4-42F0-A968-DE6BCA9F77E5}.Debug|Any CPU.Build.0 = Debug|Any CPU
		{D3C70B80-C3D4-42F0-A968-DE6BCA9F77E5}.Release|Any CPU.ActiveCfg = Release|Any CPU
		{D3C70B80-C3D4-42F0-A968-DE6BCA9F77E5}.Release|Any CPU.Build.0 = Release|Any CPU
		{C9F180D0-FE79-472E-BC01-D477766662CE}.Debug|Any CPU.ActiveCfg = Debug|Any CPU
		{C9F180D0-FE79-472E-BC01-D477766662CE}.Debug|Any CPU.Build.0 = Debug|Any CPU
		{C9F180D0-FE79-472E-BC01-D477766662CE}.Release|Any CPU.ActiveCfg = Release|Any CPU
		{C9F180D0-FE79-472E-BC01-D477766662CE}.Release|Any CPU.Build.0 = Release|Any CPU
		{CBE8A7BE-C6E7-479D-A48E-CF413D96353C}.Debug|Any CPU.ActiveCfg = Debug|Any CPU
		{CBE8A7BE-C6E7-479D-A48E-CF413D96353C}.Debug|Any CPU.Build.0 = Debug|Any CPU
		{CBE8A7BE-C6E7-479D-A48E-CF413D96353C}.Release|Any CPU.ActiveCfg = Release|Any CPU
		{CBE8A7BE-C6E7-479D-A48E-CF413D96353C}.Release|Any CPU.Build.0 = Release|Any CPU
		{BDCA8B3B-1AA1-4F7E-BB35-F3CA56E6515D}.Debug|Any CPU.ActiveCfg = Debug|Any CPU
		{BDCA8B3B-1AA1-4F7E-BB35-F3CA56E6515D}.Debug|Any CPU.Build.0 = Debug|Any CPU
		{BDCA8B3B-1AA1-4F7E-BB35-F3CA56E6515D}.Release|Any CPU.ActiveCfg = Release|Any CPU
		{BDCA8B3B-1AA1-4F7E-BB35-F3CA56E6515D}.Release|Any CPU.Build.0 = Release|Any CPU
		{A30E5961-BFED-4AEE-A69A-12DB6677E3A5}.Debug|Any CPU.ActiveCfg = Debug|Any CPU
		{A30E5961-BFED-4AEE-A69A-12DB6677E3A5}.Debug|Any CPU.Build.0 = Debug|Any CPU
		{A30E5961-BFED-4AEE-A69A-12DB6677E3A5}.Release|Any CPU.ActiveCfg = Release|Any CPU
		{A30E5961-BFED-4AEE-A69A-12DB6677E3A5}.Release|Any CPU.Build.0 = Release|Any CPU
		{DF065265-67D0-421D-83E7-3AB72DACFE36}.Debug|Any CPU.ActiveCfg = Debug|Any CPU
		{DF065265-67D0-421D-83E7-3AB72DACFE36}.Debug|Any CPU.Build.0 = Debug|Any CPU
		{DF065265-67D0-421D-83E7-3AB72DACFE36}.Release|Any CPU.ActiveCfg = Release|Any CPU
		{DF065265-67D0-421D-83E7-3AB72DACFE36}.Release|Any CPU.Build.0 = Release|Any CPU
		{AF0279C9-5493-469D-AAC3-A925554F9EC1}.Debug|Any CPU.ActiveCfg = Debug|Any CPU
		{AF0279C9-5493-469D-AAC3-A925554F9EC1}.Debug|Any CPU.Build.0 = Debug|Any CPU
		{AF0279C9-5493-469D-AAC3-A925554F9EC1}.Release|Any CPU.ActiveCfg = Release|Any CPU
		{AF0279C9-5493-469D-AAC3-A925554F9EC1}.Release|Any CPU.Build.0 = Release|Any CPU
		{8554CC18-EBD9-42D5-8525-3BA723FE8A9C}.Debug|Any CPU.ActiveCfg = Debug|Any CPU
		{8554CC18-EBD9-42D5-8525-3BA723FE8A9C}.Debug|Any CPU.Build.0 = Debug|Any CPU
		{8554CC18-EBD9-42D5-8525-3BA723FE8A9C}.Release|Any CPU.ActiveCfg = Release|Any CPU
		{8554CC18-EBD9-42D5-8525-3BA723FE8A9C}.Release|Any CPU.Build.0 = Release|Any CPU
		{5F53502D-2CED-4BDB-A452-B178840AD78B}.Debug|Any CPU.ActiveCfg = Debug|Any CPU
		{5F53502D-2CED-4BDB-A452-B178840AD78B}.Debug|Any CPU.Build.0 = Debug|Any CPU
		{5F53502D-2CED-4BDB-A452-B178840AD78B}.Release|Any CPU.ActiveCfg = Release|Any CPU
		{5F53502D-2CED-4BDB-A452-B178840AD78B}.Release|Any CPU.Build.0 = Release|Any CPU
		{037F029C-5A7B-4821-9F14-4B7FA5FE7357}.Debug|Any CPU.ActiveCfg = Debug|Any CPU
		{037F029C-5A7B-4821-9F14-4B7FA5FE7357}.Debug|Any CPU.Build.0 = Debug|Any CPU
		{037F029C-5A7B-4821-9F14-4B7FA5FE7357}.Release|Any CPU.ActiveCfg = Release|Any CPU
		{037F029C-5A7B-4821-9F14-4B7FA5FE7357}.Release|Any CPU.Build.0 = Release|Any CPU
		{D05FD112-8222-4965-99EC-850981AD1FDE}.Debug|Any CPU.ActiveCfg = Debug|Any CPU
		{D05FD112-8222-4965-99EC-850981AD1FDE}.Debug|Any CPU.Build.0 = Debug|Any CPU
		{D05FD112-8222-4965-99EC-850981AD1FDE}.Release|Any CPU.ActiveCfg = Release|Any CPU
		{D05FD112-8222-4965-99EC-850981AD1FDE}.Release|Any CPU.Build.0 = Release|Any CPU
		{14A7000E-5232-4B58-A53E-67B2540D48E5}.Debug|Any CPU.ActiveCfg = Debug|Any CPU
		{14A7000E-5232-4B58-A53E-67B2540D48E5}.Debug|Any CPU.Build.0 = Debug|Any CPU
		{14A7000E-5232-4B58-A53E-67B2540D48E5}.Release|Any CPU.ActiveCfg = Release|Any CPU
		{14A7000E-5232-4B58-A53E-67B2540D48E5}.Release|Any CPU.Build.0 = Release|Any CPU
		{27E936C5-8BC5-452D-8305-B2D16B875469}.Debug|Any CPU.ActiveCfg = Debug|Any CPU
		{27E936C5-8BC5-452D-8305-B2D16B875469}.Debug|Any CPU.Build.0 = Debug|Any CPU
		{27E936C5-8BC5-452D-8305-B2D16B875469}.Release|Any CPU.ActiveCfg = Release|Any CPU
		{27E936C5-8BC5-452D-8305-B2D16B875469}.Release|Any CPU.Build.0 = Release|Any CPU
		{A32152F4-ECB1-4D8A-B688-D499E677A7A6}.Debug|Any CPU.ActiveCfg = Debug|Any CPU
		{A32152F4-ECB1-4D8A-B688-D499E677A7A6}.Debug|Any CPU.Build.0 = Debug|Any CPU
		{A32152F4-ECB1-4D8A-B688-D499E677A7A6}.Release|Any CPU.ActiveCfg = Release|Any CPU
		{A32152F4-ECB1-4D8A-B688-D499E677A7A6}.Release|Any CPU.Build.0 = Release|Any CPU
		{5D94EE3E-C8F3-4060-B4B1-0147D0D789D0}.Debug|Any CPU.ActiveCfg = Debug|Any CPU
		{5D94EE3E-C8F3-4060-B4B1-0147D0D789D0}.Debug|Any CPU.Build.0 = Debug|Any CPU
		{5D94EE3E-C8F3-4060-B4B1-0147D0D789D0}.Release|Any CPU.ActiveCfg = Release|Any CPU
		{5D94EE3E-C8F3-4060-B4B1-0147D0D789D0}.Release|Any CPU.Build.0 = Release|Any CPU
		{56CAA2C5-11D4-41E8-B34F-0A5584F719BF}.Debug|Any CPU.ActiveCfg = Debug|Any CPU
		{56CAA2C5-11D4-41E8-B34F-0A5584F719BF}.Debug|Any CPU.Build.0 = Debug|Any CPU
		{56CAA2C5-11D4-41E8-B34F-0A5584F719BF}.Release|Any CPU.ActiveCfg = Release|Any CPU
		{56CAA2C5-11D4-41E8-B34F-0A5584F719BF}.Release|Any CPU.Build.0 = Release|Any CPU
		{47238266-8351-4BCE-A608-865D76976FEB}.Debug|Any CPU.ActiveCfg = Debug|Any CPU
		{47238266-8351-4BCE-A608-865D76976FEB}.Debug|Any CPU.Build.0 = Debug|Any CPU
		{47238266-8351-4BCE-A608-865D76976FEB}.Release|Any CPU.ActiveCfg = Release|Any CPU
		{47238266-8351-4BCE-A608-865D76976FEB}.Release|Any CPU.Build.0 = Release|Any CPU
		{78F5A2A4-853B-48FF-9C08-C6D0361C9A33}.Debug|Any CPU.ActiveCfg = Debug|Any CPU
		{78F5A2A4-853B-48FF-9C08-C6D0361C9A33}.Debug|Any CPU.Build.0 = Debug|Any CPU
		{78F5A2A4-853B-48FF-9C08-C6D0361C9A33}.Release|Any CPU.ActiveCfg = Release|Any CPU
		{78F5A2A4-853B-48FF-9C08-C6D0361C9A33}.Release|Any CPU.Build.0 = Release|Any CPU
	EndGlobalSection
	GlobalSection(SolutionProperties) = preSolution
		HideSolutionNode = FALSE
	EndGlobalSection
	GlobalSection(NestedProjects) = preSolution
		{8EADDBAB-801F-4D80-BCF2-1D8801BC9D31} = {02EA681E-C7D8-13C7-8484-4AC65E1B71E8}
		{930D32ED-C5B1-47E2-80A3-E3BF6D29F451} = {02EA681E-C7D8-13C7-8484-4AC65E1B71E8}
		{2ABE7C9A-2920-4F67-89E2-69C22BD0462B} = {930D32ED-C5B1-47E2-80A3-E3BF6D29F451}
		{531F1C47-29E9-4CDB-85FA-64E6CF1F5C5B} = {8EADDBAB-801F-4D80-BCF2-1D8801BC9D31}
		{FB24E873-9E79-4F41-ABCF-2261C2F994D9} = {2ABE7C9A-2920-4F67-89E2-69C22BD0462B}
		{B555990D-D473-4F5A-A842-C3B9B976F45E} = {2ABE7C9A-2920-4F67-89E2-69C22BD0462B}
		{1445EDB7-25EB-4400-9767-A0A92754F661} = {2ABE7C9A-2920-4F67-89E2-69C22BD0462B}
		{595AE124-0D29-4292-9479-EF2D5EF6112D} = {2ABE7C9A-2920-4F67-89E2-69C22BD0462B}
		{F36767A3-65A3-4366-8BA3-249350307272} = {02EA681E-C7D8-13C7-8484-4AC65E1B71E8}
		{3141F1B7-3E16-4841-9E83-676D4B5B08D7} = {F36767A3-65A3-4366-8BA3-249350307272}
		{D0B6A7EB-81F3-4DC4-9E88-ACC6DC43A93C} = {F36767A3-65A3-4366-8BA3-249350307272}
		{A6658682-F6AB-4DC6-999C-3D7380F1FBFB} = {F36767A3-65A3-4366-8BA3-249350307272}
		{68BC2481-5FA9-44CC-A830-91C9D19FCF8F} = {F36767A3-65A3-4366-8BA3-249350307272}
		{2D940452-06FD-45BD-A28B-46072847FCE7} = {930D32ED-C5B1-47E2-80A3-E3BF6D29F451}
		{D3C70B80-C3D4-42F0-A968-DE6BCA9F77E5} = {2D940452-06FD-45BD-A28B-46072847FCE7}
		{C9F180D0-FE79-472E-BC01-D477766662CE} = {2D940452-06FD-45BD-A28B-46072847FCE7}
		{CBE8A7BE-C6E7-479D-A48E-CF413D96353C} = {2D940452-06FD-45BD-A28B-46072847FCE7}
		{BDCA8B3B-1AA1-4F7E-BB35-F3CA56E6515D} = {2D940452-06FD-45BD-A28B-46072847FCE7}
		{E79463D7-C9EC-41DB-9B0E-902DAF3E5EA2} = {930D32ED-C5B1-47E2-80A3-E3BF6D29F451}
		{A30E5961-BFED-4AEE-A69A-12DB6677E3A5} = {E79463D7-C9EC-41DB-9B0E-902DAF3E5EA2}
		{DF065265-67D0-421D-83E7-3AB72DACFE36} = {E79463D7-C9EC-41DB-9B0E-902DAF3E5EA2}
		{AF0279C9-5493-469D-AAC3-A925554F9EC1} = {E79463D7-C9EC-41DB-9B0E-902DAF3E5EA2}
		{8554CC18-EBD9-42D5-8525-3BA723FE8A9C} = {E79463D7-C9EC-41DB-9B0E-902DAF3E5EA2}
		{5F53502D-2CED-4BDB-A452-B178840AD78B} = {2D940452-06FD-45BD-A28B-46072847FCE7}
		{A94C1103-9D81-4879-82A7-05B169F2C681} = {930D32ED-C5B1-47E2-80A3-E3BF6D29F451}
		{037F029C-5A7B-4821-9F14-4B7FA5FE7357} = {A94C1103-9D81-4879-82A7-05B169F2C681}
		{D05FD112-8222-4965-99EC-850981AD1FDE} = {A94C1103-9D81-4879-82A7-05B169F2C681}
		{14A7000E-5232-4B58-A53E-67B2540D48E5} = {A94C1103-9D81-4879-82A7-05B169F2C681}
		{27E936C5-8BC5-452D-8305-B2D16B875469} = {A94C1103-9D81-4879-82A7-05B169F2C681}
		{A32152F4-ECB1-4D8A-B688-D499E677A7A6} = {A94C1103-9D81-4879-82A7-05B169F2C681}
		{5D94EE3E-C8F3-4060-B4B1-0147D0D789D0} = {2ABE7C9A-2920-4F67-89E2-69C22BD0462B}
		{56CAA2C5-11D4-41E8-B34F-0A5584F719BF} = {E79463D7-C9EC-41DB-9B0E-902DAF3E5EA2}
		{47238266-8351-4BCE-A608-865D76976FEB} = {5C55B20C-B35C-499A-B91F-3829D14FDED9}
		{479121C0-7321-4B8A-9CC4-26E5EE89C379} = {2D940452-06FD-45BD-A28B-46072847FCE7}
		{78F5A2A4-853B-48FF-9C08-C6D0361C9A33} = {479121C0-7321-4B8A-9CC4-26E5EE89C379}
	EndGlobalSection
	GlobalSection(ExtensibilityGlobals) = postSolution
		SolutionGuid = {3C4E4897-3C2F-44FB-855D-AD917261F316}
	EndGlobalSection
EndGlobal
